// !$*UTF8*$!
{
	archiveVersion = 1;
	classes = {
	};
	objectVersion = 46;
	objects = {

/* Begin PBXBuildFile section */
		F7534C691D1934B5006E8EC0 /* main.m in Sources */ = {isa = PBXBuildFile; fileRef = F7534C681D1934B5006E8EC0 /* main.m */; };
		F7534C6C1D1934B5006E8EC0 /* AppDelegate.m in Sources */ = {isa = PBXBuildFile; fileRef = F7534C6B1D1934B5006E8EC0 /* AppDelegate.m */; };
		F7534C6F1D1934B5006E8EC0 /* ViewController.m in Sources */ = {isa = PBXBuildFile; fileRef = F7534C6E1D1934B5006E8EC0 /* ViewController.m */; };
		F7534C721D1934B5006E8EC0 /* Main.storyboard in Resources */ = {isa = PBXBuildFile; fileRef = F7534C701D1934B5006E8EC0 /* Main.storyboard */; };
		F7534C751D1934B5006E8EC0 /* _4_git.xcdatamodeld in Sources */ = {isa = PBXBuildFile; fileRef = F7534C731D1934B5006E8EC0 /* _4_git.xcdatamodeld */; };
		F7534C771D1934B5006E8EC0 /* Assets.xcassets in Resources */ = {isa = PBXBuildFile; fileRef = F7534C761D1934B5006E8EC0 /* Assets.xcassets */; };
		F7534C7A1D1934B5006E8EC0 /* LaunchScreen.storyboard in Resources */ = {isa = PBXBuildFile; fileRef = F7534C781D1934B5006E8EC0 /* LaunchScreen.storyboard */; };
		F7534C851D1934B5006E8EC0 /* _4_gitTests.m in Sources */ = {isa = PBXBuildFile; fileRef = F7534C841D1934B5006E8EC0 /* _4_gitTests.m */; };
		F7534C901D1934B5006E8EC0 /* _4_gitUITests.m in Sources */ = {isa = PBXBuildFile; fileRef = F7534C8F1D1934B5006E8EC0 /* _4_gitUITests.m */; };
/* End PBXBuildFile section */

/* Begin PBXContainerItemProxy section */
		F7534C811D1934B5006E8EC0 /* PBXContainerItemProxy */ = {
			isa = PBXContainerItemProxy;
			containerPortal = F7534C5C1D1934B5006E8EC0 /* Project object */;
			proxyType = 1;
			remoteGlobalIDString = F7534C631D1934B5006E8EC0;
			remoteInfo = "14-git";
		};
		F7534C8C1D1934B5006E8EC0 /* PBXContainerItemProxy */ = {
			isa = PBXContainerItemProxy;
			containerPortal = F7534C5C1D1934B5006E8EC0 /* Project object */;
			proxyType = 1;
			remoteGlobalIDString = F7534C631D1934B5006E8EC0;
			remoteInfo = "14-git";
		};
/* End PBXContainerItemProxy section */

/* Begin PBXFileReference section */
		F7534C641D1934B5006E8EC0 /* 14-git.app */ = {isa = PBXFileReference; explicitFileType = wrapper.application; includeInIndex = 0; path = "14-git.app"; sourceTree = BUILT_PRODUCTS_DIR; };
		F7534C681D1934B5006E8EC0 /* main.m */ = {isa = PBXFileReference; lastKnownFileType = sourcecode.c.objc; path = main.m; sourceTree = "<group>"; };
		F7534C6A1D1934B5006E8EC0 /* AppDelegate.h */ = {isa = PBXFileReference; lastKnownFileType = sourcecode.c.h; path = AppDelegate.h; sourceTree = "<group>"; };
		F7534C6B1D1934B5006E8EC0 /* AppDelegate.m */ = {isa = PBXFileReference; lastKnownFileType = sourcecode.c.objc; path = AppDelegate.m; sourceTree = "<group>"; };
		F7534C6D1D1934B5006E8EC0 /* ViewController.h */ = {isa = PBXFileReference; lastKnownFileType = sourcecode.c.h; path = ViewController.h; sourceTree = "<group>"; };
		F7534C6E1D1934B5006E8EC0 /* ViewController.m */ = {isa = PBXFileReference; lastKnownFileType = sourcecode.c.objc; path = ViewController.m; sourceTree = "<group>"; };
		F7534C711D1934B5006E8EC0 /* Base */ = {isa = PBXFileReference; lastKnownFileType = file.storyboard; name = Base; path = Base.lproj/Main.storyboard; sourceTree = "<group>"; };
		F7534C741D1934B5006E8EC0 /* _4_git.xcdatamodel */ = {isa = PBXFileReference; lastKnownFileType = wrapper.xcdatamodel; path = _4_git.xcdatamodel; sourceTree = "<group>"; };
		F7534C761D1934B5006E8EC0 /* Assets.xcassets */ = {isa = PBXFileReference; lastKnownFileType = folder.assetcatalog; path = Assets.xcassets; sourceTree = "<group>"; };
		F7534C791D1934B5006E8EC0 /* Base */ = {isa = PBXFileReference; lastKnownFileType = file.storyboard; name = Base; path = Base.lproj/LaunchScreen.storyboard; sourceTree = "<group>"; };
		F7534C7B1D1934B5006E8EC0 /* Info.plist */ = {isa = PBXFileReference; lastKnownFileType = text.plist.xml; path = Info.plist; sourceTree = "<group>"; };
		F7534C801D1934B5006E8EC0 /* 14-gitTests.xctest */ = {isa = PBXFileReference; explicitFileType = wrapper.cfbundle; includeInIndex = 0; path = "14-gitTests.xctest"; sourceTree = BUILT_PRODUCTS_DIR; };
		F7534C841D1934B5006E8EC0 /* _4_gitTests.m */ = {isa = PBXFileReference; lastKnownFileType = sourcecode.c.objc; path = _4_gitTests.m; sourceTree = "<group>"; };
		F7534C861D1934B5006E8EC0 /* Info.plist */ = {isa = PBXFileReference; lastKnownFileType = text.plist.xml; path = Info.plist; sourceTree = "<group>"; };
		F7534C8B1D1934B5006E8EC0 /* 14-gitUITests.xctest */ = {isa = PBXFileReference; explicitFileType = wrapper.cfbundle; includeInIndex = 0; path = "14-gitUITests.xctest"; sourceTree = BUILT_PRODUCTS_DIR; };
		F7534C8F1D1934B5006E8EC0 /* _4_gitUITests.m */ = {isa = PBXFileReference; lastKnownFileType = sourcecode.c.objc; path = _4_gitUITests.m; sourceTree = "<group>"; };
		F7534C911D1934B5006E8EC0 /* Info.plist */ = {isa = PBXFileReference; lastKnownFileType = text.plist.xml; path = Info.plist; sourceTree = "<group>"; };
/* End PBXFileReference section */

/* Begin PBXFrameworksBuildPhase section */
		F7534C611D1934B5006E8EC0 /* Frameworks */ = {
			isa = PBXFrameworksBuildPhase;
			buildActionMask = 2147483647;
			files = (
			);
			runOnlyForDeploymentPostprocessing = 0;
		};
		F7534C7D1D1934B5006E8EC0 /* Frameworks */ = {
			isa = PBXFrameworksBuildPhase;
			buildActionMask = 2147483647;
			files = (
			);
			runOnlyForDeploymentPostprocessing = 0;
		};
		F7534C881D1934B5006E8EC0 /* Frameworks */ = {
			isa = PBXFrameworksBuildPhase;
			buildActionMask = 2147483647;
			files = (
			);
			runOnlyForDeploymentPostprocessing = 0;
		};
/* End PBXFrameworksBuildPhase section */

/* Begin PBXGroup section */
		F7534C5B1D1934B5006E8EC0 = {
			isa = PBXGroup;
			children = (
				F7534C661D1934B5006E8EC0 /* 14-git */,
				F7534C831D1934B5006E8EC0 /* 14-gitTests */,
				F7534C8E1D1934B5006E8EC0 /* 14-gitUITests */,
				F7534C651D1934B5006E8EC0 /* Products */,
			);
			sourceTree = "<group>";
		};
		F7534C651D1934B5006E8EC0 /* Products */ = {
			isa = PBXGroup;
			children = (
				F7534C641D1934B5006E8EC0 /* 14-git.app */,
				F7534C801D1934B5006E8EC0 /* 14-gitTests.xctest */,
				F7534C8B1D1934B5006E8EC0 /* 14-gitUITests.xctest */,
			);
			name = Products;
			sourceTree = "<group>";
		};
		F7534C661D1934B5006E8EC0 /* 14-git */ = {
			isa = PBXGroup;
			children = (
				F7534C6A1D1934B5006E8EC0 /* AppDelegate.h */,
				F7534C6B1D1934B5006E8EC0 /* AppDelegate.m */,
				F7534C6D1D1934B5006E8EC0 /* ViewController.h */,
				F7534C6E1D1934B5006E8EC0 /* ViewController.m */,
				F7534C701D1934B5006E8EC0 /* Main.storyboard */,
				F7534C761D1934B5006E8EC0 /* Assets.xcassets */,
				F7534C781D1934B5006E8EC0 /* LaunchScreen.storyboard */,
				F7534C7B1D1934B5006E8EC0 /* Info.plist */,
				F7534C731D1934B5006E8EC0 /* _4_git.xcdatamodeld */,
				F7534C671D1934B5006E8EC0 /* Supporting Files */,
			);
			path = "14-git";
			sourceTree = "<group>";
		};
		F7534C671D1934B5006E8EC0 /* Supporting Files */ = {
			isa = PBXGroup;
			children = (
				F7534C681D1934B5006E8EC0 /* main.m */,
			);
			name = "Supporting Files";
			sourceTree = "<group>";
		};
		F7534C831D1934B5006E8EC0 /* 14-gitTests */ = {
			isa = PBXGroup;
			children = (
				F7534C841D1934B5006E8EC0 /* _4_gitTests.m */,
				F7534C861D1934B5006E8EC0 /* Info.plist */,
			);
			path = "14-gitTests";
			sourceTree = "<group>";
		};
		F7534C8E1D1934B5006E8EC0 /* 14-gitUITests */ = {
			isa = PBXGroup;
			children = (
				F7534C8F1D1934B5006E8EC0 /* _4_gitUITests.m */,
				F7534C911D1934B5006E8EC0 /* Info.plist */,
			);
			path = "14-gitUITests";
			sourceTree = "<group>";
		};
/* End PBXGroup section */

/* Begin PBXNativeTarget section */
		F7534C631D1934B5006E8EC0 /* 14-git */ = {
			isa = PBXNativeTarget;
			buildConfigurationList = F7534C941D1934B5006E8EC0 /* Build configuration list for PBXNativeTarget "14-git" */;
			buildPhases = (
				F7534C601D1934B5006E8EC0 /* Sources */,
				F7534C611D1934B5006E8EC0 /* Frameworks */,
				F7534C621D1934B5006E8EC0 /* Resources */,
			);
			buildRules = (
			);
			dependencies = (
			);
			name = "14-git";
			productName = "14-git";
			productReference = F7534C641D1934B5006E8EC0 /* 14-git.app */;
			productType = "com.apple.product-type.application";
		};
		F7534C7F1D1934B5006E8EC0 /* 14-gitTests */ = {
			isa = PBXNativeTarget;
			buildConfigurationList = F7534C971D1934B5006E8EC0 /* Build configuration list for PBXNativeTarget "14-gitTests" */;
			buildPhases = (
				F7534C7C1D1934B5006E8EC0 /* Sources */,
				F7534C7D1D1934B5006E8EC0 /* Frameworks */,
				F7534C7E1D1934B5006E8EC0 /* Resources */,
			);
			buildRules = (
			);
			dependencies = (
				F7534C821D1934B5006E8EC0 /* PBXTargetDependency */,
			);
			name = "14-gitTests";
			productName = "14-gitTests";
			productReference = F7534C801D1934B5006E8EC0 /* 14-gitTests.xctest */;
			productType = "com.apple.product-type.bundle.unit-test";
		};
		F7534C8A1D1934B5006E8EC0 /* 14-gitUITests */ = {
			isa = PBXNativeTarget;
			buildConfigurationList = F7534C9A1D1934B5006E8EC0 /* Build configuration list for PBXNativeTarget "14-gitUITests" */;
			buildPhases = (
				F7534C871D1934B5006E8EC0 /* Sources */,
				F7534C881D1934B5006E8EC0 /* Frameworks */,
				F7534C891D1934B5006E8EC0 /* Resources */,
			);
			buildRules = (
			);
			dependencies = (
				F7534C8D1D1934B5006E8EC0 /* PBXTargetDependency */,
			);
			name = "14-gitUITests";
			productName = "14-gitUITests";
			productReference = F7534C8B1D1934B5006E8EC0 /* 14-gitUITests.xctest */;
			productType = "com.apple.product-type.bundle.ui-testing";
		};
/* End PBXNativeTarget section */

/* Begin PBXProject section */
		F7534C5C1D1934B5006E8EC0 /* Project object */ = {
			isa = PBXProject;
			attributes = {
				LastUpgradeCheck = 0710;
				ORGANIZATIONNAME = cxy;
				TargetAttributes = {
					F7534C631D1934B5006E8EC0 = {
						CreatedOnToolsVersion = 7.1;
					};
					F7534C7F1D1934B5006E8EC0 = {
						CreatedOnToolsVersion = 7.1;
						TestTargetID = F7534C631D1934B5006E8EC0;
					};
					F7534C8A1D1934B5006E8EC0 = {
						CreatedOnToolsVersion = 7.1;
						TestTargetID = F7534C631D1934B5006E8EC0;
					};
				};
			};
			buildConfigurationList = F7534C5F1D1934B5006E8EC0 /* Build configuration list for PBXProject "14-git" */;
			compatibilityVersion = "Xcode 3.2";
			developmentRegion = English;
			hasScannedForEncodings = 0;
			knownRegions = (
				en,
				Base,
			);
			mainGroup = F7534C5B1D1934B5006E8EC0;
			productRefGroup = F7534C651D1934B5006E8EC0 /* Products */;
			projectDirPath = "";
			projectRoot = "";
			targets = (
				F7534C631D1934B5006E8EC0 /* 14-git */,
				F7534C7F1D1934B5006E8EC0 /* 14-gitTests */,
				F7534C8A1D1934B5006E8EC0 /* 14-gitUITests */,
			);
		};
/* End PBXProject section */

/* Begin PBXResourcesBuildPhase section */
		F7534C621D1934B5006E8EC0 /* Resources */ = {
			isa = PBXResourcesBuildPhase;
			buildActionMask = 2147483647;
			files = (
				F7534C7A1D1934B5006E8EC0 /* LaunchScreen.storyboard in Resources */,
				F7534C771D1934B5006E8EC0 /* Assets.xcassets in Resources */,
				F7534C721D1934B5006E8EC0 /* Main.storyboard in Resources */,
			);
			runOnlyForDeploymentPostprocessing = 0;
		};
		F7534C7E1D1934B5006E8EC0 /* Resources */ = {
			isa = PBXResourcesBuildPhase;
			buildActionMask = 2147483647;
			files = (
			);
			runOnlyForDeploymentPostprocessing = 0;
		};
		F7534C891D1934B5006E8EC0 /* Resources */ = {
			isa = PBXResourcesBuildPhase;
			buildActionMask = 2147483647;
			files = (
			);
			runOnlyForDeploymentPostprocessing = 0;
		};
/* End PBXResourcesBuildPhase section */

/* Begin PBXSourcesBuildPhase section */
		F7534C601D1934B5006E8EC0 /* Sources */ = {
			isa = PBXSourcesBuildPhase;
			buildActionMask = 2147483647;
			files = (
				F7534C6F1D1934B5006E8EC0 /* ViewController.m in Sources */,
				F7534C751D1934B5006E8EC0 /* _4_git.xcdatamodeld in Sources */,
				F7534C6C1D1934B5006E8EC0 /* AppDelegate.m in Sources */,
				F7534C691D1934B5006E8EC0 /* main.m in Sources */,
			);
			runOnlyForDeploymentPostprocessing = 0;
		};
		F7534C7C1D1934B5006E8EC0 /* Sources */ = {
			isa = PBXSourcesBuildPhase;
			buildActionMask = 2147483647;
			files = (
				F7534C851D1934B5006E8EC0 /* _4_gitTests.m in Sources */,
			);
			runOnlyForDeploymentPostprocessing = 0;
		};
		F7534C871D1934B5006E8EC0 /* Sources */ = {
			isa = PBXSourcesBuildPhase;
			buildActionMask = 2147483647;
			files = (
				F7534C901D1934B5006E8EC0 /* _4_gitUITests.m in Sources */,
			);
			runOnlyForDeploymentPostprocessing = 0;
		};
/* End PBXSourcesBuildPhase section */

/* Begin PBXTargetDependency section */
		F7534C821D1934B5006E8EC0 /* PBXTargetDependency */ = {
			isa = PBXTargetDependency;
			target = F7534C631D1934B5006E8EC0 /* 14-git */;
			targetProxy = F7534C811D1934B5006E8EC0 /* PBXContainerItemProxy */;
		};
		F7534C8D1D1934B5006E8EC0 /* PBXTargetDependency */ = {
			isa = PBXTargetDependency;
			target = F7534C631D1934B5006E8EC0 /* 14-git */;
			targetProxy = F7534C8C1D1934B5006E8EC0 /* PBXContainerItemProxy */;
		};
/* End PBXTargetDependency section */

/* Begin PBXVariantGroup section */
		F7534C701D1934B5006E8EC0 /* Main.storyboard */ = {
			isa = PBXVariantGroup;
			children = (
				F7534C711D1934B5006E8EC0 /* Base */,
			);
			name = Main.storyboard;
			sourceTree = "<group>";
		};
		F7534C781D1934B5006E8EC0 /* LaunchScreen.storyboard */ = {
			isa = PBXVariantGroup;
			children = (
				F7534C791D1934B5006E8EC0 /* Base */,
			);
			name = LaunchScreen.storyboard;
			sourceTree = "<group>";
		};
/* End PBXVariantGroup section */

/* Begin XCBuildConfiguration section */
		F7534C921D1934B5006E8EC0 /* Debug */ = {
			isa = XCBuildConfiguration;
			buildSettings = {
				ALWAYS_SEARCH_USER_PATHS = NO;
				CLANG_CXX_LANGUAGE_STANDARD = "gnu++0x";
				CLANG_CXX_LIBRARY = "libc++";
				CLANG_ENABLE_MODULES = YES;
				CLANG_ENABLE_OBJC_ARC = YES;
				CLANG_WARN_BOOL_CONVERSION = YES;
				CLANG_WARN_CONSTANT_CONVERSION = YES;
				CLANG_WARN_DIRECT_OBJC_ISA_USAGE = YES_ERROR;
				CLANG_WARN_EMPTY_BODY = YES;
				CLANG_WARN_ENUM_CONVERSION = YES;
				CLANG_WARN_INT_CONVERSION = YES;
				CLANG_WARN_OBJC_ROOT_CLASS = YES_ERROR;
				CLANG_WARN_UNREACHABLE_CODE = YES;
				CLANG_WARN__DUPLICATE_METHOD_MATCH = YES;
				"CODE_SIGN_IDENTITY[sdk=iphoneos*]" = "iPhone Developer";
				COPY_PHASE_STRIP = NO;
				DEBUG_INFORMATION_FORMAT = dwarf;
				ENABLE_STRICT_OBJC_MSGSEND = YES;
				ENABLE_TESTABILITY = YES;
				GCC_C_LANGUAGE_STANDARD = gnu99;
				GCC_DYNAMIC_NO_PIC = NO;
				GCC_NO_COMMON_BLOCKS = YES;
				GCC_OPTIMIZATION_LEVEL = 0;
				GCC_PREPROCESSOR_DEFINITIONS = (
					"DEBUG=1",
					"$(inherited)",
				);
				GCC_WARN_64_TO_32_BIT_CONVERSION = YES;
				GCC_WARN_ABOUT_RETURN_TYPE = YES_ERROR;
				GCC_WARN_UNDECLARED_SELECTOR = YES;
				GCC_WARN_UNINITIALIZED_AUTOS = YES_AGGRESSIVE;
				GCC_WARN_UNUSED_FUNCTION = YES;
				GCC_WARN_UNUSED_VARIABLE = YES;
				IPHONEOS_DEPLOYMENT_TARGET = 9.1;
				MTL_ENABLE_DEBUG_INFO = YES;
				ONLY_ACTIVE_ARCH = YES;
				SDKROOT = iphoneos;
			};
			name = Debug;
		};
		F7534C931D1934B5006E8EC0 /* Release */ = {
			isa = XCBuildConfiguration;
			buildSettings = {
				ALWAYS_SEARCH_USER_PATHS = NO;
				CLANG_CXX_LANGUAGE_STANDARD = "gnu++0x";
				CLANG_CXX_LIBRARY = "libc++";
				CLANG_ENABLE_MODULES = YES;
				CLANG_ENABLE_OBJC_ARC = YES;
				CLANG_WARN_BOOL_CONVERSION = YES;
				CLANG_WARN_CONSTANT_CONVERSION = YES;
				CLANG_WARN_DIRECT_OBJC_ISA_USAGE = YES_ERROR;
				CLANG_WARN_EMPTY_BODY = YES;
				CLANG_WARN_ENUM_CONVERSION = YES;
				CLANG_WARN_INT_CONVERSION = YES;
				CLANG_WARN_OBJC_ROOT_CLASS = YES_ERROR;
				CLANG_WARN_UNREACHABLE_CODE = YES;
				CLANG_WARN__DUPLICATE_METHOD_MATCH = YES;
				"CODE_SIGN_IDENTITY[sdk=iphoneos*]" = "iPhone Developer";
				COPY_PHASE_STRIP = NO;
				DEBUG_INFORMATION_FORMAT = "dwarf-with-dsym";
				ENABLE_NS_ASSERTIONS = NO;
				ENABLE_STRICT_OBJC_MSGSEND = YES;
				GCC_C_LANGUAGE_STANDARD = gnu99;
				GCC_NO_COMMON_BLOCKS = YES;
				GCC_WARN_64_TO_32_BIT_CONVERSION = YES;
				GCC_WARN_ABOUT_RETURN_TYPE = YES_ERROR;
				GCC_WARN_UNDECLARED_SELECTOR = YES;
				GCC_WARN_UNINITIALIZED_AUTOS = YES_AGGRESSIVE;
				GCC_WARN_UNUSED_FUNCTION = YES;
				GCC_WARN_UNUSED_VARIABLE = YES;
				IPHONEOS_DEPLOYMENT_TARGET = 9.1;
				MTL_ENABLE_DEBUG_INFO = NO;
				SDKROOT = iphoneos;
				VALIDATE_PRODUCT = YES;
			};
			name = Release;
		};
		F7534C951D1934B5006E8EC0 /* Debug */ = {
			isa = XCBuildConfiguration;
			buildSettings = {
				ASSETCATALOG_COMPILER_APPICON_NAME = AppIcon;
				INFOPLIST_FILE = "14-git/Info.plist";
				LD_RUNPATH_SEARCH_PATHS = "$(inherited) @executable_path/Frameworks";
				PRODUCT_BUNDLE_IDENTIFIER = "dc008.-4-git";
				PRODUCT_NAME = "$(TARGET_NAME)";
			};
			name = Debug;
		};
		F7534C961D1934B5006E8EC0 /* Release */ = {
			isa = XCBuildConfiguration;
			buildSettings = {
				ASSETCATALOG_COMPILER_APPICON_NAME = AppIcon;
				INFOPLIST_FILE = "14-git/Info.plist";
				LD_RUNPATH_SEARCH_PATHS = "$(inherited) @executable_path/Frameworks";
				PRODUCT_BUNDLE_IDENTIFIER = "dc008.-4-git";
				PRODUCT_NAME = "$(TARGET_NAME)";
			};
			name = Release;
		};
		F7534C981D1934B5006E8EC0 /* Debug */ = {
			isa = XCBuildConfiguration;
			buildSettings = {
				BUNDLE_LOADER = "$(TEST_HOST)";
				INFOPLIST_FILE = "14-gitTests/Info.plist";
				LD_RUNPATH_SEARCH_PATHS = "$(inherited) @executable_path/Frameworks @loader_path/Frameworks";
				PRODUCT_BUNDLE_IDENTIFIER = "dc008.-4-gitTests";
				PRODUCT_NAME = "$(TARGET_NAME)";
				TEST_HOST = "$(BUILT_PRODUCTS_DIR)/14-git.app/14-git";
			};
			name = Debug;
		};
		F7534C991D1934B5006E8EC0 /* Release */ = {
			isa = XCBuildConfiguration;
			buildSettings = {
				BUNDLE_LOADER = "$(TEST_HOST)";
				INFOPLIST_FILE = "14-gitTests/Info.plist";
				LD_RUNPATH_SEARCH_PATHS = "$(inherited) @executable_path/Frameworks @loader_path/Frameworks";
				PRODUCT_BUNDLE_IDENTIFIER = "dc008.-4-gitTests";
				PRODUCT_NAME = "$(TARGET_NAME)";
				TEST_HOST = "$(BUILT_PRODUCTS_DIR)/14-git.app/14-git";
			};
			name = Release;
		};
		F7534C9B1D1934B5006E8EC0 /* Debug */ = {
			isa = XCBuildConfiguration;
			buildSettings = {
				INFOPLIST_FILE = "14-gitUITests/Info.plist";
				LD_RUNPATH_SEARCH_PATHS = "$(inherited) @executable_path/Frameworks @loader_path/Frameworks";
				PRODUCT_BUNDLE_IDENTIFIER = "dc008.-4-gitUITests";
				PRODUCT_NAME = "$(TARGET_NAME)";
				TEST_TARGET_NAME = "14-git";
				USES_XCTRUNNER = YES;
			};
			name = Debug;
		};
		F7534C9C1D1934B5006E8EC0 /* Release */ = {
			isa = XCBuildConfiguration;
			buildSettings = {
				INFOPLIST_FILE = "14-gitUITests/Info.plist";
				LD_RUNPATH_SEARCH_PATHS = "$(inherited) @executable_path/Frameworks @loader_path/Frameworks";
				PRODUCT_BUNDLE_IDENTIFIER = "dc008.-4-gitUITests";
				PRODUCT_NAME = "$(TARGET_NAME)";
				TEST_TARGET_NAME = "14-git";
				USES_XCTRUNNER = YES;
			};
			name = Release;
		};
/* End XCBuildConfiguration section */

/* Begin XCConfigurationList section */
		F7534C5F1D1934B5006E8EC0 /* Build configuration list for PBXProject "14-git" */ = {
			isa = XCConfigurationList;
			buildConfigurations = (
				F7534C921D1934B5006E8EC0 /* Debug */,
				F7534C931D1934B5006E8EC0 /* Release */,
			);
			defaultConfigurationIsVisible = 0;
			defaultConfigurationName = Release;
		};
		F7534C941D1934B5006E8EC0 /* Build configuration list for PBXNativeTarget "14-git" */ = {
			isa = XCConfigurationList;
			buildConfigurations = (
				F7534C951D1934B5006E8EC0 /* Debug */,
				F7534C961D1934B5006E8EC0 /* Release */,
			);
			defaultConfigurationIsVisible = 0;
		};
		F7534C971D1934B5006E8EC0 /* Build configuration list for PBXNativeTarget "14-gitTests" */ = {
			isa = XCConfigurationList;
			buildConfigurations = (
				F7534C981D1934B5006E8EC0 /* Debug */,
				F7534C991D1934B5006E8EC0 /* Release */,
			);
			defaultConfigurationIsVisible = 0;
		};
		F7534C9A1D1934B5006E8EC0 /* Build configuration list for PBXNativeTarget "14-gitUITests" */ = {
			isa = XCConfigurationList;
			buildConfigurations = (
				F7534C9B1D1934B5006E8EC0 /* Debug */,
				F7534C9C1D1934B5006E8EC0 /* Release */,
			);
			defaultConfigurationIsVisible = 0;
		};
/* End XCConfigurationList section */

/* Begin XCVersionGroup section */
		F7534C731D1934B5006E8EC0 /* _4_git.xcdatamodeld */ = {
			isa = XCVersionGroup;
			children = (
				F7534C741D1934B5006E8EC0 /* _4_git.xcdatamodel */,
			);
			currentVersion = F7534C741D1934B5006E8EC0 /* _4_git.xcdatamodel */;
			path = _4_git.xcdatamodeld;
			sourceTree = "<group>";
			versionGroupType = wrapper.xcdatamodel;
		};
/* End XCVersionGroup section */
	};
	rootObject = F7534C5C1D1934B5006E8EC0 /* Project object */;
}
